
Microsoft Visual Studio Solution File, Format Version 12.00
# Visual Studio 15
VisualStudioVersion = 15.0.26430.13
MinimumVisualStudioVersion = 10.0.40219.1
Project("{FAE04EC0-301F-11D3-BF4B-00C04F79EFBC}") = "STBank", "STBank\STBank\STBank.csproj", "{92242761-4958-41F8-865A-DA5DF325976F}"
EndProject
Project("{FAE04EC0-301F-11D3-BF4B-00C04F79EFBC}") = "STBank.Droid", "STBank\STBank.Droid\STBank.Droid.csproj", "{B47324D9-ABF2-42B7-A4D7-DB14D2B925EB}"
EndProject
Project("{FAE04EC0-301F-11D3-BF4B-00C04F79EFBC}") = "STBank.iOS", "STBank\STBank.iOS\STBank.iOS.csproj", "{315E6B43-F695-4339-9422-E1BBA01D5CC7}"
EndProject
Project("{FAE04EC0-301F-11D3-BF4B-00C04F79EFBC}") = "STBank.UWP", "STBank\STBank.UWP\STBank.UWP.csproj", "{3B2D56EC-6F59-4504-A26E-AEDCE85FD3AA}"
EndProject
Global
	GlobalSection(SolutionConfigurationPlatforms) = preSolution
		Ad-Hoc|Any CPU = Ad-Hoc|Any CPU
		Ad-Hoc|ARM = Ad-Hoc|ARM
		Ad-Hoc|iPhone = Ad-Hoc|iPhone
		Ad-Hoc|iPhoneSimulator = Ad-Hoc|iPhoneSimulator
		Ad-Hoc|x64 = Ad-Hoc|x64
		Ad-Hoc|x86 = Ad-Hoc|x86
		AppStore|Any CPU = AppStore|Any CPU
		AppStore|ARM = AppStore|ARM
		AppStore|iPhone = AppStore|iPhone
		AppStore|iPhoneSimulator = AppStore|iPhoneSimulator
		AppStore|x64 = AppStore|x64
		AppStore|x86 = AppStore|x86
		Debug|Any CPU = Debug|Any CPU
		Debug|ARM = Debug|ARM
		Debug|iPhone = Debug|iPhone
		Debug|iPhoneSimulator = Debug|iPhoneSimulator
		Debug|x64 = Debug|x64
		Debug|x86 = Debug|x86
		Release|Any CPU = Release|Any CPU
		Release|ARM = Release|ARM
		Release|iPhone = Release|iPhone
		Release|iPhoneSimulator = Release|iPhoneSimulator
		Release|x64 = Release|x64
		Release|x86 = Release|x86
	EndGlobalSection
	GlobalSection(ProjectConfigurationPlatforms) = postSolution
		{92242761-4958-41F8-865A-DA5DF325976F}.Ad-Hoc|Any CPU.ActiveCfg = Release|Any CPU
		{92242761-4958-41F8-865A-DA5DF325976F}.Ad-Hoc|Any CPU.Build.0 = Release|Any CPU
		{92242761-4958-41F8-865A-DA5DF325976F}.Ad-Hoc|ARM.ActiveCfg = Release|Any CPU
		{92242761-4958-41F8-865A-DA5DF325976F}.Ad-Hoc|ARM.Build.0 = Release|Any CPU
		{92242761-4958-41F8-865A-DA5DF325976F}.Ad-Hoc|iPhone.ActiveCfg = Release|Any CPU
		{92242761-4958-41F8-865A-DA5DF325976F}.Ad-Hoc|iPhone.Build.0 = Release|Any CPU
		{92242761-4958-41F8-865A-DA5DF325976F}.Ad-Hoc|iPhoneSimulator.ActiveCfg = Release|Any CPU
		{92242761-4958-41F8-865A-DA5DF325976F}.Ad-Hoc|iPhoneSimulator.Build.0 = Release|Any CPU
		{92242761-4958-41F8-865A-DA5DF325976F}.Ad-Hoc|x64.ActiveCfg = Release|Any CPU
		{92242761-4958-41F8-865A-DA5DF325976F}.Ad-Hoc|x64.Build.0 = Release|Any CPU
		{92242761-4958-41F8-865A-DA5DF325976F}.Ad-Hoc|x86.ActiveCfg = Release|Any CPU
		{92242761-4958-41F8-865A-DA5DF325976F}.Ad-Hoc|x86.Build.0 = Release|Any CPU
		{92242761-4958-41F8-865A-DA5DF325976F}.AppStore|Any CPU.ActiveCfg = Release|Any CPU
		{92242761-4958-41F8-865A-DA5DF325976F}.AppStore|Any CPU.Build.0 = Release|Any CPU
		{92242761-4958-41F8-865A-DA5DF325976F}.AppStore|ARM.ActiveCfg = Release|Any CPU
		{92242761-4958-41F8-865A-DA5DF325976F}.AppStore|ARM.Build.0 = Release|Any CPU
		{92242761-4958-41F8-865A-DA5DF325976F}.AppStore|iPhone.ActiveCfg = Release|Any CPU
		{92242761-4958-41F8-865A-DA5DF325976F}.AppStore|iPhone.Build.0 = Release|Any CPU
		{92242761-4958-41F8-865A-DA5DF325976F}.AppStore|iPhoneSimulator.ActiveCfg = Release|Any CPU
		{92242761-4958-41F8-865A-DA5DF325976F}.AppStore|iPhoneSimulator.Build.0 = Release|Any CPU
		{92242761-4958-41F8-865A-DA5DF325976F}.AppStore|x64.ActiveCfg = Release|Any CPU
		{92242761-4958-41F8-865A-DA5DF325976F}.AppStore|x64.Build.0 = Release|Any CPU
		{92242761-4958-41F8-865A-DA5DF325976F}.AppStore|x86.ActiveCfg = Release|Any CPU
		{92242761-4958-41F8-865A-DA5DF325976F}.AppStore|x86.Build.0 = Release|Any CPU
		{92242761-4958-41F8-865A-DA5DF325976F}.Debug|Any CPU.ActiveCfg = Debug|Any CPU
		{92242761-4958-41F8-865A-DA5DF325976F}.Debug|Any CPU.Build.0 = Debug|Any CPU
		{92242761-4958-41F8-865A-DA5DF325976F}.Debug|ARM.ActiveCfg = Debug|Any CPU
		{92242761-4958-41F8-865A-DA5DF325976F}.Debug|ARM.Build.0 = Debug|Any CPU
		{92242761-4958-41F8-865A-DA5DF325976F}.Debug|iPhone.ActiveCfg = Debug|Any CPU
		{92242761-4958-41F8-865A-DA5DF325976F}.Debug|iPhone.Build.0 = Debug|Any CPU
		{92242761-4958-41F8-865A-DA5DF325976F}.Debug|iPhoneSimulator.ActiveCfg = Debug|Any CPU
		{92242761-4958-41F8-865A-DA5DF325976F}.Debug|iPhoneSimulator.Build.0 = Debug|Any CPU
		{92242761-4958-41F8-865A-DA5DF325976F}.Debug|x64.ActiveCfg = Debug|Any CPU
		{92242761-4958-41F8-865A-DA5DF325976F}.Debug|x64.Build.0 = Debug|Any CPU
		{92242761-4958-41F8-865A-DA5DF325976F}.Debug|x86.ActiveCfg = Debug|Any CPU
		{92242761-4958-41F8-865A-DA5DF325976F}.Debug|x86.Build.0 = Debug|Any CPU
		{92242761-4958-41F8-865A-DA5DF325976F}.Release|Any CPU.ActiveCfg = Release|Any CPU
		{92242761-4958-41F8-865A-DA5DF325976F}.Release|Any CPU.Build.0 = Release|Any CPU
		{92242761-4958-41F8-865A-DA5DF325976F}.Release|ARM.ActiveCfg = Release|Any CPU
		{92242761-4958-41F8-865A-DA5DF325976F}.Release|ARM.Build.0 = Release|Any CPU
		{92242761-4958-41F8-865A-DA5DF325976F}.Release|iPhone.ActiveCfg = Release|Any CPU
		{92242761-4958-41F8-865A-DA5DF325976F}.Release|iPhone.Build.0 = Release|Any CPU
		{92242761-4958-41F8-865A-DA5DF325976F}.Release|iPhoneSimulator.ActiveCfg = Release|Any CPU
		{92242761-4958-41F8-865A-DA5DF325976F}.Release|iPhoneSimulator.Build.0 = Release|Any CPU
		{92242761-4958-41F8-865A-DA5DF325976F}.Release|x64.ActiveCfg = Release|Any CPU
		{92242761-4958-41F8-865A-DA5DF325976F}.Release|x64.Build.0 = Release|Any CPU
		{92242761-4958-41F8-865A-DA5DF325976F}.Release|x86.ActiveCfg = Release|Any CPU
		{92242761-4958-41F8-865A-DA5DF325976F}.Release|x86.Build.0 = Release|Any CPU
		{B47324D9-ABF2-42B7-A4D7-DB14D2B925EB}.Ad-Hoc|Any CPU.ActiveCfg = Release|Any CPU
		{B47324D9-ABF2-42B7-A4D7-DB14D2B925EB}.Ad-Hoc|Any CPU.Build.0 = Release|Any CPU
		{B47324D9-ABF2-42B7-A4D7-DB14D2B925EB}.Ad-Hoc|Any CPU.Deploy.0 = Release|Any CPU
		{B47324D9-ABF2-42B7-A4D7-DB14D2B925EB}.Ad-Hoc|ARM.ActiveCfg = Release|Any CPU
		{B47324D9-ABF2-42B7-A4D7-DB14D2B925EB}.Ad-Hoc|ARM.Build.0 = Release|Any CPU
		{B47324D9-ABF2-42B7-A4D7-DB14D2B925EB}.Ad-Hoc|ARM.Deploy.0 = Release|Any CPU
		{B47324D9-ABF2-42B7-A4D7-DB14D2B925EB}.Ad-Hoc|iPhone.ActiveCfg = Release|Any CPU
		{B47324D9-ABF2-42B7-A4D7-DB14D2B925EB}.Ad-Hoc|iPhone.Build.0 = Release|Any CPU
		{B47324D9-ABF2-42B7-A4D7-DB14D2B925EB}.Ad-Hoc|iPhone.Deploy.0 = Release|Any CPU
		{B47324D9-ABF2-42B7-A4D7-DB14D2B925EB}.Ad-Hoc|iPhoneSimulator.ActiveCfg = Release|Any CPU
		{B47324D9-ABF2-42B7-A4D7-DB14D2B925EB}.Ad-Hoc|iPhoneSimulator.Build.0 = Release|Any CPU
		{B47324D9-ABF2-42B7-A4D7-DB14D2B925EB}.Ad-Hoc|iPhoneSimulator.Deploy.0 = Release|Any CPU
		{B47324D9-ABF2-42B7-A4D7-DB14D2B925EB}.Ad-Hoc|x64.ActiveCfg = Release|Any CPU
		{B47324D9-ABF2-42B7-A4D7-DB14D2B925EB}.Ad-Hoc|x64.Build.0 = Release|Any CPU
		{B47324D9-ABF2-42B7-A4D7-DB14D2B925EB}.Ad-Hoc|x64.Deploy.0 = Release|Any CPU
		{B47324D9-ABF2-42B7-A4D7-DB14D2B925EB}.Ad-Hoc|x86.ActiveCfg = Release|Any CPU
		{B47324D9-ABF2-42B7-A4D7-DB14D2B925EB}.Ad-Hoc|x86.Build.0 = Release|Any CPU
		{B47324D9-ABF2-42B7-A4D7-DB14D2B925EB}.Ad-Hoc|x86.Deploy.0 = Release|Any CPU
		{B47324D9-ABF2-42B7-A4D7-DB14D2B925EB}.AppStore|Any CPU.ActiveCfg = Release|Any CPU
		{B47324D9-ABF2-42B7-A4D7-DB14D2B925EB}.AppStore|Any CPU.Build.0 = Release|Any CPU
		{B47324D9-ABF2-42B7-A4D7-DB14D2B925EB}.AppStore|Any CPU.Deploy.0 = Release|Any CPU
		{B47324D9-ABF2-42B7-A4D7-DB14D2B925EB}.AppStore|ARM.ActiveCfg = Release|Any CPU
		{B47324D9-ABF2-42B7-A4D7-DB14D2B925EB}.AppStore|ARM.Build.0 = Release|Any CPU
		{B47324D9-ABF2-42B7-A4D7-DB14D2B925EB}.AppStore|ARM.Deploy.0 = Release|Any CPU
		{B47324D9-ABF2-42B7-A4D7-DB14D2B925EB}.AppStore|iPhone.ActiveCfg = Release|Any CPU
		{B47324D9-ABF2-42B7-A4D7-DB14D2B925EB}.AppStore|iPhone.Build.0 = Release|Any CPU
		{B47324D9-ABF2-42B7-A4D7-DB14D2B925EB}.AppStore|iPhone.Deploy.0 = Release|Any CPU
		{B47324D9-ABF2-42B7-A4D7-DB14D2B925EB}.AppStore|iPhoneSimulator.ActiveCfg = Release|Any CPU
		{B47324D9-ABF2-42B7-A4D7-DB14D2B925EB}.AppStore|iPhoneSimulator.Build.0 = Release|Any CPU
		{B47324D9-ABF2-42B7-A4D7-DB14D2B925EB}.AppStore|iPhoneSimulator.Deploy.0 = Release|Any CPU
		{B47324D9-ABF2-42B7-A4D7-DB14D2B925EB}.AppStore|x64.ActiveCfg = Release|Any CPU
		{B47324D9-ABF2-42B7-A4D7-DB14D2B925EB}.AppStore|x64.Build.0 = Release|Any CPU
		{B47324D9-ABF2-42B7-A4D7-DB14D2B925EB}.AppStore|x64.Deploy.0 = Release|Any CPU
		{B47324D9-ABF2-42B7-A4D7-DB14D2B925EB}.AppStore|x86.ActiveCfg = Release|Any CPU
		{B47324D9-ABF2-42B7-A4D7-DB14D2B925EB}.AppStore|x86.Build.0 = Release|Any CPU
		{B47324D9-ABF2-42B7-A4D7-DB14D2B925EB}.AppStore|x86.Deploy.0 = Release|Any CPU
		{B47324D9-ABF2-42B7-A4D7-DB14D2B925EB}.Debug|Any CPU.ActiveCfg = Debug|Any CPU
		{B47324D9-ABF2-42B7-A4D7-DB14D2B925EB}.Debug|Any CPU.Build.0 = Debug|Any CPU
		{B47324D9-ABF2-42B7-A4D7-DB14D2B925EB}.Debug|Any CPU.Deploy.0 = Debug|Any CPU
		{B47324D9-ABF2-42B7-A4D7-DB14D2B925EB}.Debug|ARM.ActiveCfg = Debug|Any CPU
		{B47324D9-ABF2-42B7-A4D7-DB14D2B925EB}.Debug|ARM.Build.0 = Debug|Any CPU
		{B47324D9-ABF2-42B7-A4D7-DB14D2B925EB}.Debug|ARM.Deploy.0 = Debug|Any CPU
		{B47324D9-ABF2-42B7-A4D7-DB14D2B925EB}.Debug|iPhone.ActiveCfg = Debug|Any CPU
		{B47324D9-ABF2-42B7-A4D7-DB14D2B925EB}.Debug|iPhone.Build.0 = Debug|Any CPU
		{B47324D9-ABF2-42B7-A4D7-DB14D2B925EB}.Debug|iPhone.Deploy.0 = Debug|Any CPU
		{B47324D9-ABF2-42B7-A4D7-DB14D2B925EB}.Debug|iPhoneSimulator.ActiveCfg = Debug|Any CPU
		{B47324D9-ABF2-42B7-A4D7-DB14D2B925EB}.Debug|iPhoneSimulator.Build.0 = Debug|Any CPU
		{B47324D9-ABF2-42B7-A4D7-DB14D2B925EB}.Debug|iPhoneSimulator.Deploy.0 = Debug|Any CPU
		{B47324D9-ABF2-42B7-A4D7-DB14D2B925EB}.Debug|x64.ActiveCfg = Debug|Any CPU
		{B47324D9-ABF2-42B7-A4D7-DB14D2B925EB}.Debug|x64.Build.0 = Debug|Any CPU
		{B47324D9-ABF2-42B7-A4D7-DB14D2B925EB}.Debug|x64.Deploy.0 = Debug|Any CPU
		{B47324D9-ABF2-42B7-A4D7-DB14D2B925EB}.Debug|x86.ActiveCfg = Debug|Any CPU
		{B47324D9-ABF2-42B7-A4D7-DB14D2B925EB}.Debug|x86.Build.0 = Debug|Any CPU
		{B47324D9-ABF2-42B7-A4D7-DB14D2B925EB}.Debug|x86.Deploy.0 = Debug|Any CPU
		{B47324D9-ABF2-42B7-A4D7-DB14D2B925EB}.Release|Any CPU.ActiveCfg = Release|Any CPU
		{B47324D9-ABF2-42B7-A4D7-DB14D2B925EB}.Release|Any CPU.Build.0 = Release|Any CPU
		{B47324D9-ABF2-42B7-A4D7-DB14D2B925EB}.Release|Any CPU.Deploy.0 = Release|Any CPU
		{B47324D9-ABF2-42B7-A4D7-DB14D2B925EB}.Release|ARM.ActiveCfg = Release|Any CPU
		{B47324D9-ABF2-42B7-A4D7-DB14D2B925EB}.Release|ARM.Build.0 = Release|Any CPU
		{B47324D9-ABF2-42B7-A4D7-DB14D2B925EB}.Release|ARM.Deploy.0 = Release|Any CPU
		{B47324D9-ABF2-42B7-A4D7-DB14D2B925EB}.Release|iPhone.ActiveCfg = Release|Any CPU
		{B47324D9-ABF2-42B7-A4D7-DB14D2B925EB}.Release|iPhone.Build.0 = Release|Any CPU
		{B47324D9-ABF2-42B7-A4D7-DB14D2B925EB}.Release|iPhone.Deploy.0 = Release|Any CPU
		{B47324D9-ABF2-42B7-A4D7-DB14D2B925EB}.Release|iPhoneSimulator.ActiveCfg = Release|Any CPU
		{B47324D9-ABF2-42B7-A4D7-DB14D2B925EB}.Release|iPhoneSimulator.Build.0 = Release|Any CPU
		{B47324D9-ABF2-42B7-A4D7-DB14D2B925EB}.Release|iPhoneSimulator.Deploy.0 = Release|Any CPU
		{B47324D9-ABF2-42B7-A4D7-DB14D2B925EB}.Release|x64.ActiveCfg = Release|Any CPU
		{B47324D9-ABF2-42B7-A4D7-DB14D2B925EB}.Release|x64.Build.0 = Release|Any CPU
		{B47324D9-ABF2-42B7-A4D7-DB14D2B925EB}.Release|x64.Deploy.0 = Release|Any CPU
		{B47324D9-ABF2-42B7-A4D7-DB14D2B925EB}.Release|x86.ActiveCfg = Release|Any CPU
		{B47324D9-ABF2-42B7-A4D7-DB14D2B925EB}.Release|x86.Build.0 = Release|Any CPU
		{B47324D9-ABF2-42B7-A4D7-DB14D2B925EB}.Release|x86.Deploy.0 = Release|Any CPU
		{315E6B43-F695-4339-9422-E1BBA01D5CC7}.Ad-Hoc|Any CPU.ActiveCfg = Ad-Hoc|iPhone
		{315E6B43-F695-4339-9422-E1BBA01D5CC7}.Ad-Hoc|ARM.ActiveCfg = Ad-Hoc|iPhone
		{315E6B43-F695-4339-9422-E1BBA01D5CC7}.Ad-Hoc|iPhone.ActiveCfg = Ad-Hoc|iPhone
		{315E6B43-F695-4339-9422-E1BBA01D5CC7}.Ad-Hoc|iPhone.Build.0 = Ad-Hoc|iPhone
		{315E6B43-F695-4339-9422-E1BBA01D5CC7}.Ad-Hoc|iPhoneSimulator.ActiveCfg = Ad-Hoc|iPhoneSimulator
		{315E6B43-F695-4339-9422-E1BBA01D5CC7}.Ad-Hoc|iPhoneSimulator.Build.0 = Ad-Hoc|iPhoneSimulator
		{315E6B43-F695-4339-9422-E1BBA01D5CC7}.Ad-Hoc|x64.ActiveCfg = Ad-Hoc|iPhone
		{315E6B43-F695-4339-9422-E1BBA01D5CC7}.Ad-Hoc|x86.ActiveCfg = Ad-Hoc|iPhone
		{315E6B43-F695-4339-9422-E1BBA01D5CC7}.AppStore|Any CPU.ActiveCfg = AppStore|iPhone
		{315E6B43-F695-4339-9422-E1BBA01D5CC7}.AppStore|ARM.ActiveCfg = AppStore|iPhone
		{315E6B43-F695-4339-9422-E1BBA01D5CC7}.AppStore|iPhone.ActiveCfg = AppStore|iPhone
		{315E6B43-F695-4339-9422-E1BBA01D5CC7}.AppStore|iPhone.Build.0 = AppStore|iPhone
		{315E6B43-F695-4339-9422-E1BBA01D5CC7}.AppStore|iPhoneSimulator.ActiveCfg = AppStore|iPhoneSimulator
		{315E6B43-F695-4339-9422-E1BBA01D5CC7}.AppStore|iPhoneSimulator.Build.0 = AppStore|iPhoneSimulator
		{315E6B43-F695-4339-9422-E1BBA01D5CC7}.AppStore|x64.ActiveCfg = AppStore|iPhone
		{315E6B43-F695-4339-9422-E1BBA01D5CC7}.AppStore|x86.ActiveCfg = AppStore|iPhone
		{315E6B43-F695-4339-9422-E1BBA01D5CC7}.Debug|Any CPU.ActiveCfg = Debug|iPhone
		{315E6B43-F695-4339-9422-E1BBA01D5CC7}.Debug|ARM.ActiveCfg = Debug|iPhone
		{315E6B43-F695-4339-9422-E1BBA01D5CC7}.Debug|iPhone.ActiveCfg = Debug|iPhone
		{315E6B43-F695-4339-9422-E1BBA01D5CC7}.Debug|iPhone.Build.0 = Debug|iPhone
		{315E6B43-F695-4339-9422-E1BBA01D5CC7}.Debug|iPhoneSimulator.ActiveCfg = Debug|iPhoneSimulator
		{315E6B43-F695-4339-9422-E1BBA01D5CC7}.Debug|iPhoneSimulator.Build.0 = Debug|iPhoneSimulator
		{315E6B43-F695-4339-9422-E1BBA01D5CC7}.Debug|x64.ActiveCfg = Debug|iPhone
		{315E6B43-F695-4339-9422-E1BBA01D5CC7}.Debug|x86.ActiveCfg = Debug|iPhone
		{315E6B43-F695-4339-9422-E1BBA01D5CC7}.Release|Any CPU.ActiveCfg = Release|iPhone
		{315E6B43-F695-4339-9422-E1BBA01D5CC7}.Release|ARM.ActiveCfg = Release|iPhone
		{315E6B43-F695-4339-9422-E1BBA01D5CC7}.Release|iPhone.ActiveCfg = Release|iPhone
		{315E6B43-F695-4339-9422-E1BBA01D5CC7}.Release|iPhone.Build.0 = Release|iPhone
		{315E6B43-F695-4339-9422-E1BBA01D5CC7}.Release|iPhoneSimulator.ActiveCfg = Release|iPhoneSimulator
		{315E6B43-F695-4339-9422-E1BBA01D5CC7}.Release|iPhoneSimulator.Build.0 = Release|iPhoneSimulator
		{315E6B43-F695-4339-9422-E1BBA01D5CC7}.Release|x64.ActiveCfg = Release|iPhone
		{315E6B43-F695-4339-9422-E1BBA01D5CC7}.Release|x86.ActiveCfg = Release|iPhone
		{3B2D56EC-6F59-4504-A26E-AEDCE85FD3AA}.Ad-Hoc|Any CPU.ActiveCfg = Release|x86
		{3B2D56EC-6F59-4504-A26E-AEDCE85FD3AA}.Ad-Hoc|Any CPU.Build.0 = Release|x86
		{3B2D56EC-6F59-4504-A26E-AEDCE85FD3AA}.Ad-Hoc|Any CPU.Deploy.0 = Release|x86
		{3B2D56EC-6F59-4504-A26E-AEDCE85FD3AA}.Ad-Hoc|ARM.ActiveCfg = Release|ARM
		{3B2D56EC-6F59-4504-A26E-AEDCE85FD3AA}.Ad-Hoc|ARM.Build.0 = Release|ARM
		{3B2D56EC-6F59-4504-A26E-AEDCE85FD3AA}.Ad-Hoc|ARM.Deploy.0 = Release|ARM
		{3B2D56EC-6F59-4504-A26E-AEDCE85FD3AA}.Ad-Hoc|iPhone.ActiveCfg = Release|x86
		{3B2D56EC-6F59-4504-A26E-AEDCE85FD3AA}.Ad-Hoc|iPhone.Build.0 = Release|x86
		{3B2D56EC-6F59-4504-A26E-AEDCE85FD3AA}.Ad-Hoc|iPhone.Deploy.0 = Release|x86
		{3B2D56EC-6F59-4504-A26E-AEDCE85FD3AA}.Ad-Hoc|iPhoneSimulator.ActiveCfg = Release|x86
		{3B2D56EC-6F59-4504-A26E-AEDCE85FD3AA}.Ad-Hoc|iPhoneSimulator.Build.0 = Release|x86
		{3B2D56EC-6F59-4504-A26E-AEDCE85FD3AA}.Ad-Hoc|iPhoneSimulator.Deploy.0 = Release|x86
		{3B2D56EC-6F59-4504-A26E-AEDCE85FD3AA}.Ad-Hoc|x64.ActiveCfg = Release|x64
		{3B2D56EC-6F59-4504-A26E-AEDCE85FD3AA}.Ad-Hoc|x64.Build.0 = Release|x64
		{3B2D56EC-6F59-4504-A26E-AEDCE85FD3AA}.Ad-Hoc|x64.Deploy.0 = Release|x64
		{3B2D56EC-6F59-4504-A26E-AEDCE85FD3AA}.Ad-Hoc|x86.ActiveCfg = Release|x86
		{3B2D56EC-6F59-4504-A26E-AEDCE85FD3AA}.Ad-Hoc|x86.Build.0 = Release|x86
		{3B2D56EC-6F59-4504-A26E-AEDCE85FD3AA}.Ad-Hoc|x86.Deploy.0 = Release|x86
		{3B2D56EC-6F59-4504-A26E-AEDCE85FD3AA}.AppStore|Any CPU.ActiveCfg = Release|x86
		{3B2D56EC-6F59-4504-A26E-AEDCE85FD3AA}.AppStore|Any CPU.Build.0 = Release|x86
		{3B2D56EC-6F59-4504-A26E-AEDCE85FD3AA}.AppStore|Any CPU.Deploy.0 = Release|x86
		{3B2D56EC-6F59-4504-A26E-AEDCE85FD3AA}.AppStore|ARM.ActiveCfg = Release|ARM
		{3B2D56EC-6F59-4504-A26E-AEDCE85FD3AA}.AppStore|ARM.Build.0 = Release|ARM
		{3B2D56EC-6F59-4504-A26E-AEDCE85FD3AA}.AppStore|ARM.Deploy.0 = Release|ARM
		{3B2D56EC-6F59-4504-A26E-AEDCE85FD3AA}.AppStore|iPhone.ActiveCfg = Release|x86
		{3B2D56EC-6F59-4504-A26E-AEDCE85FD3AA}.AppStore|iPhone.Build.0 = Release|x86
		{3B2D56EC-6F59-4504-A26E-AEDCE85FD3AA}.AppStore|iPhone.Deploy.0 = Release|x86
		{3B2D56EC-6F59-4504-A26E-AEDCE85FD3AA}.AppStore|iPhoneSimulator.ActiveCfg = Release|x86
		{3B2D56EC-6F59-4504-A26E-AEDCE85FD3AA}.AppStore|iPhoneSimulator.Build.0 = Release|x86
		{3B2D56EC-6F59-4504-A26E-AEDCE85FD3AA}.AppStore|iPhoneSimulator.Deploy.0 = Release|x86
		{3B2D56EC-6F59-4504-A26E-AEDCE85FD3AA}.AppStore|x64.ActiveCfg = Release|x64
		{3B2D56EC-6F59-4504-A26E-AEDCE85FD3AA}.AppStore|x64.Build.0 = Release|x64
		{3B2D56EC-6F59-4504-A26E-AEDCE85FD3AA}.AppStore|x64.Deploy.0 = Release|x64
		{3B2D56EC-6F59-4504-A26E-AEDCE85FD3AA}.AppStore|x86.ActiveCfg = Release|x86
		{3B2D56EC-6F59-4504-A26E-AEDCE85FD3AA}.AppStore|x86.Build.0 = Release|x86
		{3B2D56EC-6F59-4504-A26E-AEDCE85FD3AA}.AppStore|x86.Deploy.0 = Release|x86
		{3B2D56EC-6F59-4504-A26E-AEDCE85FD3AA}.Debug|Any CPU.ActiveCfg = Debug|x86
		{3B2D56EC-6F59-4504-A26E-AEDCE85FD3AA}.Debug|ARM.ActiveCfg = Debug|ARM
		{3B2D56EC-6F59-4504-A26E-AEDCE85FD3AA}.Debug|ARM.Build.0 = Debug|ARM
		{3B2D56EC-6F59-4504-A26E-AEDCE85FD3AA}.Debug|ARM.Deploy.0 = Debug|ARM
		{3B2D56EC-6F59-4504-A26E-AEDCE85FD3AA}.Debug|iPhone.ActiveCfg = Debug|x86
		{3B2D56EC-6F59-4504-A26E-AEDCE85FD3AA}.Debug|iPhoneSimulator.ActiveCfg = Debug|x86
		{3B2D56EC-6F59-4504-A26E-AEDCE85FD3AA}.Debug|x64.ActiveCfg = Debug|x64
		{3B2D56EC-6F59-4504-A26E-AEDCE85FD3AA}.Debug|x64.Build.0 = Debug|x64
		{3B2D56EC-6F59-4504-A26E-AEDCE85FD3AA}.Debug|x64.Deploy.0 = Debug|x64
		{3B2D56EC-6F59-4504-A26E-AEDCE85FD3AA}.Debug|x86.ActiveCfg = Debug|x86
		{3B2D56EC-6F59-4504-A26E-AEDCE85FD3AA}.Debug|x86.Build.0 = Debug|x86
		{3B2D56EC-6F59-4504-A26E-AEDCE85FD3AA}.Debug|x86.Deploy.0 = Debug|x86
		{3B2D56EC-6F59-4504-A26E-AEDCE85FD3AA}.Release|Any CPU.ActiveCfg = Release|x86
		{3B2D56EC-6F59-4504-A26E-AEDCE85FD3AA}.Release|ARM.ActiveCfg = Release|ARM
		{3B2D56EC-6F59-4504-A26E-AEDCE85FD3AA}.Release|ARM.Build.0 = Release|ARM
		{3B2D56EC-6F59-4504-A26E-AEDCE85FD3AA}.Release|ARM.Deploy.0 = Release|ARM
		{3B2D56EC-6F59-4504-A26E-AEDCE85FD3AA}.Release|iPhone.ActiveCfg = Release|x86
		{3B2D56EC-6F59-4504-A26E-AEDCE85FD3AA}.Release|iPhoneSimulator.ActiveCfg = Release|x86
		{3B2D56EC-6F59-4504-A26E-AEDCE85FD3AA}.Release|x64.ActiveCfg = Release|x64
		{3B2D56EC-6F59-4504-A26E-AEDCE85FD3AA}.Release|x64.Build.0 = Release|x64
		{3B2D56EC-6F59-4504-A26E-AEDCE85FD3AA}.Release|x64.Deploy.0 = Release|x64
		{3B2D56EC-6F59-4504-A26E-AEDCE85FD3AA}.Release|x86.ActiveCfg = Release|x86
		{3B2D56EC-6F59-4504-A26E-AEDCE85FD3AA}.Release|x86.Build.0 = Release|x86
		{3B2D56EC-6F59-4504-A26E-AEDCE85FD3AA}.Release|x86.Deploy.0 = Release|x86
	EndGlobalSection
	GlobalSection(SolutionProperties) = preSolution
		HideSolutionNode = FALSE
	EndGlobalSection
EndGlobal
